
Microsoft Visual Studio Solution File, Format Version 12.00
# Visual Studio Version 17
VisualStudioVersion = 17.8.34330.188
MinimumVisualStudioVersion = 10.0.40219.1
Project("{FAE04EC0-301F-11D3-BF4B-00C04F79EFBC}") = "API", "API\API.csproj", "{AA54E394-3375-451F-B87C-66DADDB5935D}"
EndProject
Project("{FAE04EC0-301F-11D3-BF4B-00C04F79EFBC}") = "Business", "Business\Business.csproj", "{9E4226A1-ABB8-4E75-B636-75A4E4F432CC}"
EndProject
Project("{FAE04EC0-301F-11D3-BF4B-00C04F79EFBC}") = "DataAccess", "DataAccess\DataAccess.csproj", "{502BC930-89FF-494F-AC29-359B91193E0A}"
EndProject
Project("{FAE04EC0-301F-11D3-BF4B-00C04F79EFBC}") = "Entities", "Entities\Entities.csproj", "{3E93CD47-80F7-477F-99B2-0678A5D44FBC}"
EndProject
Project("{FAE04EC0-301F-11D3-BF4B-00C04F79EFBC}") = "DTO", "DTO\DTO.csproj", "{E838A110-56CB-45BE-8A5B-0804992D0321}"
EndProject
Global
	GlobalSection(SolutionConfigurationPlatforms) = preSolution
		Debug|Any CPU = Debug|Any CPU
		Release|Any CPU = Release|Any CPU
	EndGlobalSection
	GlobalSection(ProjectConfigurationPlatforms) = postSolution
		{AA54E394-3375-451F-B87C-66DADDB5935D}.Debug|Any CPU.ActiveCfg = Debug|Any CPU
		{AA54E394-3375-451F-B87C-66DADDB5935D}.Debug|Any CPU.Build.0 = Debug|Any CPU
		{AA54E394-3375-451F-B87C-66DADDB5935D}.Release|Any CPU.ActiveCfg = Release|Any CPU
		{AA54E394-3375-451F-B87C-66DADDB5935D}.Release|Any CPU.Build.0 = Release|Any CPU
		{9E4226A1-ABB8-4E75-B636-75A4E4F432CC}.Debug|Any CPU.ActiveCfg = Debug|Any CPU
		{9E4226A1-ABB8-4E75-B636-75A4E4F432CC}.Debug|Any CPU.Build.0 = Debug|Any CPU
		{9E4226A1-ABB8-4E75-B636-75A4E4F432CC}.Release|Any CPU.ActiveCfg = Release|Any CPU
		{9E4226A1-ABB8-4E75-B636-75A4E4F432CC}.Release|Any CPU.Build.0 = Release|Any CPU
		{502BC930-89FF-494F-AC29-359B91193E0A}.Debug|Any CPU.ActiveCfg = Debug|Any CPU
		{502BC930-89FF-494F-AC29-359B91193E0A}.Debug|Any CPU.Build.0 = Debug|Any CPU
		{502BC930-89FF-494F-AC29-359B91193E0A}.Release|Any CPU.ActiveCfg = Release|Any CPU
		{502BC930-89FF-494F-AC29-359B91193E0A}.Release|Any CPU.Build.0 = Release|Any CPU
		{3E93CD47-80F7-477F-99B2-0678A5D44FBC}.Debug|Any CPU.ActiveCfg = Debug|Any CPU
		{3E93CD47-80F7-477F-99B2-0678A5D44FBC}.Debug|Any CPU.Build.0 = Debug|Any CPU
		{3E93CD47-80F7-477F-99B2-0678A5D44FBC}.Release|Any CPU.ActiveCfg = Release|Any CPU
		{3E93CD47-80F7-477F-99B2-0678A5D44FBC}.Release|Any CPU.Build.0 = Release|Any CPU
		{E838A110-56CB-45BE-8A5B-0804992D0321}.Debug|Any CPU.ActiveCfg = Debug|Any CPU
		{E838A110-56CB-45BE-8A5B-0804992D0321}.Debug|Any CPU.Build.0 = Debug|Any CPU
		{E838A110-56CB-45BE-8A5B-0804992D0321}.Release|Any CPU.ActiveCfg = Release|Any CPU
		{E838A110-56CB-45BE-8A5B-0804992D0321}.Release|Any CPU.Build.0 = Release|Any CPU
	EndGlobalSection
	GlobalSection(SolutionProperties) = preSolution
		HideSolutionNode = FALSE
	EndGlobalSection
	GlobalSection(ExtensibilityGlobals) = postSolution
		SolutionGuid = {19B7EBB2-52D8-4E2B-B6C7-C68760A96157}
	EndGlobalSection
EndGlobal
